// !$*UTF8*$!
{
	archiveVersion = 1;
	classes = {
	};
	objectVersion = 46;
	objects = {

/* Begin PBXBuildFile section */
		0C0CF6351D863C7500772BC1 /* WalkthroughPageViewController.swift in Sources */ = {isa = PBXBuildFile; fileRef = 0C0CF6341D863C7500772BC1 /* WalkthroughPageViewController.swift */; };
		0C0CF6371D863EF400772BC1 /* ImageViewCell.swift in Sources */ = {isa = PBXBuildFile; fileRef = 0C0CF6361D863EF400772BC1 /* ImageViewCell.swift */; };
		0C82A3DB1D8575AC00FCB0E9 /* ImagesCollectionController.swift in Sources */ = {isa = PBXBuildFile; fileRef = 0C82A3DA1D8575AC00FCB0E9 /* ImagesCollectionController.swift */; };
		0CAC98501D8447DC008704B8 /* AppDelegate.swift in Sources */ = {isa = PBXBuildFile; fileRef = 0CAC984F1D8447DC008704B8 /* AppDelegate.swift */; };
		0CAC98521D8447DC008704B8 /* ViewController.swift in Sources */ = {isa = PBXBuildFile; fileRef = 0CAC98511D8447DC008704B8 /* ViewController.swift */; };
		0CAC98551D8447DC008704B8 /* Main.storyboard in Resources */ = {isa = PBXBuildFile; fileRef = 0CAC98531D8447DC008704B8 /* Main.storyboard */; };
		0CAC98571D8447DC008704B8 /* Assets.xcassets in Resources */ = {isa = PBXBuildFile; fileRef = 0CAC98561D8447DC008704B8 /* Assets.xcassets */; };
		0CAC985A1D8447DC008704B8 /* LaunchScreen.storyboard in Resources */ = {isa = PBXBuildFile; fileRef = 0CAC98581D8447DC008704B8 /* LaunchScreen.storyboard */; };
		0CCAD45A1D850053005ED216 /* FileCellController.swift in Sources */ = {isa = PBXBuildFile; fileRef = 0CCAD4591D850053005ED216 /* FileCellController.swift */; };
		0CD593661D852BE600BA8964 /* FileAndItem.swift in Sources */ = {isa = PBXBuildFile; fileRef = 0CD593631D852BE600BA8964 /* FileAndItem.swift */; };
		0CD593671D852BE600BA8964 /* ManagerFiles.swift in Sources */ = {isa = PBXBuildFile; fileRef = 0CD593641D852BE600BA8964 /* ManagerFiles.swift */; };
		1771CF3DE509BAB740B028A1 /* Pods_NotABaseM_Swift2.framework in Frameworks */ = {isa = PBXBuildFile; fileRef = 25191E529DF3B9E80771A8C3 /* Pods_NotABaseM_Swift2.framework */; };
/* End PBXBuildFile section */

/* Begin PBXFileReference section */
		0C0CF6341D863C7500772BC1 /* WalkthroughPageViewController.swift */ = {isa = PBXFileReference; fileEncoding = 4; lastKnownFileType = sourcecode.swift; path = WalkthroughPageViewController.swift; sourceTree = "<group>"; };
		0C0CF6361D863EF400772BC1 /* ImageViewCell.swift */ = {isa = PBXFileReference; fileEncoding = 4; lastKnownFileType = sourcecode.swift; path = ImageViewCell.swift; sourceTree = "<group>"; };
		0C82A3DA1D8575AC00FCB0E9 /* ImagesCollectionController.swift */ = {isa = PBXFileReference; fileEncoding = 4; lastKnownFileType = sourcecode.swift; path = ImagesCollectionController.swift; sourceTree = "<group>"; };
		0CAC984C1D8447DC008704B8 /* NotABaseM_Swift2.app */ = {isa = PBXFileReference; explicitFileType = wrapper.application; includeInIndex = 0; path = NotABaseM_Swift2.app; sourceTree = BUILT_PRODUCTS_DIR; };
		0CAC984F1D8447DC008704B8 /* AppDelegate.swift */ = {isa = PBXFileReference; lastKnownFileType = sourcecode.swift; path = AppDelegate.swift; sourceTree = "<group>"; };
		0CAC98511D8447DC008704B8 /* ViewController.swift */ = {isa = PBXFileReference; lastKnownFileType = sourcecode.swift; path = ViewController.swift; sourceTree = "<group>"; };
		0CAC98541D8447DC008704B8 /* Base */ = {isa = PBXFileReference; lastKnownFileType = file.storyboard; name = Base; path = Base.lproj/Main.storyboard; sourceTree = "<group>"; };
		0CAC98561D8447DC008704B8 /* Assets.xcassets */ = {isa = PBXFileReference; lastKnownFileType = folder.assetcatalog; path = Assets.xcassets; sourceTree = "<group>"; };
		0CAC98591D8447DC008704B8 /* Base */ = {isa = PBXFileReference; lastKnownFileType = file.storyboard; name = Base; path = Base.lproj/LaunchScreen.storyboard; sourceTree = "<group>"; };
		0CAC985B1D8447DC008704B8 /* Info.plist */ = {isa = PBXFileReference; lastKnownFileType = text.plist.xml; path = Info.plist; sourceTree = "<group>"; };
		0CCAD4591D850053005ED216 /* FileCellController.swift */ = {isa = PBXFileReference; fileEncoding = 4; lastKnownFileType = sourcecode.swift; path = FileCellController.swift; sourceTree = "<group>"; };
		0CD593631D852BE600BA8964 /* FileAndItem.swift */ = {isa = PBXFileReference; fileEncoding = 4; lastKnownFileType = sourcecode.swift; path = FileAndItem.swift; sourceTree = "<group>"; };
		0CD593641D852BE600BA8964 /* ManagerFiles.swift */ = {isa = PBXFileReference; fileEncoding = 4; lastKnownFileType = sourcecode.swift; path = ManagerFiles.swift; sourceTree = "<group>"; };
		17FBE57D519434FF1C7B355A /* Pods-NotABaseM_Swift2.debug.xcconfig */ = {isa = PBXFileReference; includeInIndex = 1; lastKnownFileType = text.xcconfig; name = "Pods-NotABaseM_Swift2.debug.xcconfig"; path = "Pods/Target Support Files/Pods-NotABaseM_Swift2/Pods-NotABaseM_Swift2.debug.xcconfig"; sourceTree = "<group>"; };
		25191E529DF3B9E80771A8C3 /* Pods_NotABaseM_Swift2.framework */ = {isa = PBXFileReference; explicitFileType = wrapper.framework; includeInIndex = 0; path = Pods_NotABaseM_Swift2.framework; sourceTree = BUILT_PRODUCTS_DIR; };
		8CF9DF7F54C402086D9FA1EB /* Pods-NotABaseM_Swift2.release.xcconfig */ = {isa = PBXFileReference; includeInIndex = 1; lastKnownFileType = text.xcconfig; name = "Pods-NotABaseM_Swift2.release.xcconfig"; path = "Pods/Target Support Files/Pods-NotABaseM_Swift2/Pods-NotABaseM_Swift2.release.xcconfig"; sourceTree = "<group>"; };
/* End PBXFileReference section */

/* Begin PBXFrameworksBuildPhase section */
		0CAC98491D8447DC008704B8 /* Frameworks */ = {
			isa = PBXFrameworksBuildPhase;
			buildActionMask = 2147483647;
			files = (
				1771CF3DE509BAB740B028A1 /* Pods_NotABaseM_Swift2.framework in Frameworks */,
			);
			runOnlyForDeploymentPostprocessing = 0;
		};
/* End PBXFrameworksBuildPhase section */

/* Begin PBXGroup section */
		0CAC98431D8447DC008704B8 = {
			isa = PBXGroup;
			children = (
				0CAC984E1D8447DC008704B8 /* NotABaseM_Swift2 */,
				0CAC984D1D8447DC008704B8 /* Products */,
				9D9D86BD4BB3817740E6BA4D /* Pods */,
				CB2F840F9AEC674A1986474B /* Frameworks */,
			);
			sourceTree = "<group>";
		};
		0CAC984D1D8447DC008704B8 /* Products */ = {
			isa = PBXGroup;
			children = (
				0CAC984C1D8447DC008704B8 /* NotABaseM_Swift2.app */,
			);
			name = Products;
			sourceTree = "<group>";
		};
		0CAC984E1D8447DC008704B8 /* NotABaseM_Swift2 */ = {
			isa = PBXGroup;
			children = (
				0CCAD45B1D850060005ED216 /* Controller */,
				0CCAD45C1D85007B005ED216 /* View */,
				0CD593611D852B9100BA8964 /* Model */,
			);
			path = NotABaseM_Swift2;
			sourceTree = "<group>";
		};
		0CCAD45B1D850060005ED216 /* Controller */ = {
			isa = PBXGroup;
			children = (
				0CAC985B1D8447DC008704B8 /* Info.plist */,
				0CAC984F1D8447DC008704B8 /* AppDelegate.swift */,
				0CAC98511D8447DC008704B8 /* ViewController.swift */,
				0C82A3DA1D8575AC00FCB0E9 /* ImagesCollectionController.swift */,
				0C0CF6341D863C7500772BC1 /* WalkthroughPageViewController.swift */,
			);
			name = Controller;
			sourceTree = "<group>";
		};
		0CCAD45C1D85007B005ED216 /* View */ = {
			isa = PBXGroup;
			children = (
				0CAC98531D8447DC008704B8 /* Main.storyboard */,
				0CAC98561D8447DC008704B8 /* Assets.xcassets */,
				0CAC98581D8447DC008704B8 /* LaunchScreen.storyboard */,
			);
			name = View;
			sourceTree = "<group>";
		};
		0CD593611D852B9100BA8964 /* Model */ = {
			isa = PBXGroup;
			children = (
				0C0CF6361D863EF400772BC1 /* ImageViewCell.swift */,
				0CCAD4591D850053005ED216 /* FileCellController.swift */,
				0CD593631D852BE600BA8964 /* FileAndItem.swift */,
				0CD593641D852BE600BA8964 /* ManagerFiles.swift */,
			);
			name = Model;
			sourceTree = "<group>";
		};
		9D9D86BD4BB3817740E6BA4D /* Pods */ = {
			isa = PBXGroup;
			children = (
				17FBE57D519434FF1C7B355A /* Pods-NotABaseM_Swift2.debug.xcconfig */,
				8CF9DF7F54C402086D9FA1EB /* Pods-NotABaseM_Swift2.release.xcconfig */,
			);
			name = Pods;
			sourceTree = "<group>";
		};
		CB2F840F9AEC674A1986474B /* Frameworks */ = {
			isa = PBXGroup;
			children = (
				25191E529DF3B9E80771A8C3 /* Pods_NotABaseM_Swift2.framework */,
			);
			name = Frameworks;
			sourceTree = "<group>";
		};
/* End PBXGroup section */

/* Begin PBXNativeTarget section */
		0CAC984B1D8447DC008704B8 /* NotABaseM_Swift2 */ = {
			isa = PBXNativeTarget;
			buildConfigurationList = 0CAC985E1D8447DC008704B8 /* Build configuration list for PBXNativeTarget "NotABaseM_Swift2" */;
			buildPhases = (
				879F8E36BE8144D71A045CAC /* [CP] Check Pods Manifest.lock */,
				0CAC98481D8447DC008704B8 /* Sources */,
				0CAC98491D8447DC008704B8 /* Frameworks */,
				0CAC984A1D8447DC008704B8 /* Resources */,
				284AA66AC7930FAEEC246984 /* [CP] Embed Pods Frameworks */,
				6BE0C9BDBE64299121C282BD /* [CP] Copy Pods Resources */,
			);
			buildRules = (
			);
			dependencies = (
			);
			name = NotABaseM_Swift2;
			productName = NotABaseM_Swift2;
			productReference = 0CAC984C1D8447DC008704B8 /* NotABaseM_Swift2.app */;
			productType = "com.apple.product-type.application";
		};
/* End PBXNativeTarget section */

/* Begin PBXProject section */
		0CAC98441D8447DC008704B8 /* Project object */ = {
			isa = PBXProject;
			attributes = {
				LastSwiftUpdateCheck = 0730;
				LastUpgradeCheck = 0730;
				ORGANIZATIONNAME = "Hung Nguyen";
				TargetAttributes = {
					0CAC984B1D8447DC008704B8 = {
						CreatedOnToolsVersion = 7.3.1;
						DevelopmentTeam = KHC379JQJ3;
					};
				};
			};
			buildConfigurationList = 0CAC98471D8447DC008704B8 /* Build configuration list for PBXProject "NotABaseM_Swift2" */;
			compatibilityVersion = "Xcode 3.2";
			developmentRegion = English;
			hasScannedForEncodings = 0;
			knownRegions = (
				en,
				Base,
			);
			mainGroup = 0CAC98431D8447DC008704B8;
			productRefGroup = 0CAC984D1D8447DC008704B8 /* Products */;
			projectDirPath = "";
			projectRoot = "";
			targets = (
				0CAC984B1D8447DC008704B8 /* NotABaseM_Swift2 */,
			);
		};
/* End PBXProject section */

/* Begin PBXResourcesBuildPhase section */
		0CAC984A1D8447DC008704B8 /* Resources */ = {
			isa = PBXResourcesBuildPhase;
			buildActionMask = 2147483647;
			files = (
				0CAC985A1D8447DC008704B8 /* LaunchScreen.storyboard in Resources */,
				0CAC98571D8447DC008704B8 /* Assets.xcassets in Resources */,
				0CAC98551D8447DC008704B8 /* Main.storyboard in Resources */,
			);
			runOnlyForDeploymentPostprocessing = 0;
		};
/* End PBXResourcesBuildPhase section */

/* Begin PBXShellScriptBuildPhase section */
		284AA66AC7930FAEEC246984 /* [CP] Embed Pods Frameworks */ = {
			isa = PBXShellScriptBuildPhase;
			buildActionMask = 2147483647;
			files = (
			);
			inputPaths = (
			);
			name = "[CP] Embed Pods Frameworks";
			outputPaths = (
			);
			runOnlyForDeploymentPostprocessing = 0;
			shellPath = /bin/sh;
			shellScript = "\"${SRCROOT}/Pods/Target Support Files/Pods-NotABaseM_Swift2/Pods-NotABaseM_Swift2-frameworks.sh\"\n";
			showEnvVarsInLog = 0;
		};
		6BE0C9BDBE64299121C282BD /* [CP] Copy Pods Resources */ = {
			isa = PBXShellScriptBuildPhase;
			buildActionMask = 2147483647;
			files = (
			);
			inputPaths = (
			);
			name = "[CP] Copy Pods Resources";
			outputPaths = (
			);
			runOnlyForDeploymentPostprocessing = 0;
			shellPath = /bin/sh;
			shellScript = "\"${SRCROOT}/Pods/Target Support Files/Pods-NotABaseM_Swift2/Pods-NotABaseM_Swift2-resources.sh\"\n";
			showEnvVarsInLog = 0;
		};
		879F8E36BE8144D71A045CAC /* [CP] Check Pods Manifest.lock */ = {
			isa = PBXShellScriptBuildPhase;
			buildActionMask = 2147483647;
			files = (
			);
			inputPaths = (
			);
			name = "[CP] Check Pods Manifest.lock";
			outputPaths = (
			);
			runOnlyForDeploymentPostprocessing = 0;
			shellPath = /bin/sh;
			shellScript = "diff \"${PODS_ROOT}/../Podfile.lock\" \"${PODS_ROOT}/Manifest.lock\" > /dev/null\nif [[ $? != 0 ]] ; then\n    cat << EOM\nerror: The sandbox is not in sync with the Podfile.lock. Run 'pod install' or update your CocoaPods installation.\nEOM\n    exit 1\nfi\n";
			showEnvVarsInLog = 0;
		};
/* End PBXShellScriptBuildPhase section */

/* Begin PBXSourcesBuildPhase section */
		0CAC98481D8447DC008704B8 /* Sources */ = {
			isa = PBXSourcesBuildPhase;
			buildActionMask = 2147483647;
			files = (
				0C0CF6371D863EF400772BC1 /* ImageViewCell.swift in Sources */,
				0C82A3DB1D8575AC00FCB0E9 /* ImagesCollectionController.swift in Sources */,
				0CAC98521D8447DC008704B8 /* ViewController.swift in Sources */,
				0CD593671D852BE600BA8964 /* ManagerFiles.swift in Sources */,
				0CCAD45A1D850053005ED216 /* FileCellController.swift in Sources */,
				0CAC98501D8447DC008704B8 /* AppDelegate.swift in Sources */,
				0CD593661D852BE600BA8964 /* FileAndItem.swift in Sources */,
				0C0CF6351D863C7500772BC1 /* WalkthroughPageViewController.swift in Sources */,
			);
			runOnlyForDeploymentPostprocessing = 0;
		};
/* End PBXSourcesBuildPhase section */

/* Begin PBXVariantGroup section */
		0CAC98531D8447DC008704B8 /* Main.storyboard */ = {
			isa = PBXVariantGroup;
			children = (
				0CAC98541D8447DC008704B8 /* Base */,
			);
			name = Main.storyboard;
			sourceTree = "<group>";
		};
		0CAC98581D8447DC008704B8 /* LaunchScreen.storyboard */ = {
			isa = PBXVariantGroup;
			children = (
				0CAC98591D8447DC008704B8 /* Base */,
			);
			name = LaunchScreen.storyboard;
			sourceTree = "<group>";
		};
/* End PBXVariantGroup section */

/* Begin XCBuildConfiguration section */
		0CAC985C1D8447DC008704B8 /* Debug */ = {
			isa = XCBuildConfiguration;
			buildSettings = {
				ALWAYS_SEARCH_USER_PATHS = NO;
				CLANG_ANALYZER_NONNULL = YES;
				CLANG_CXX_LANGUAGE_STANDARD = "gnu++0x";
				CLANG_CXX_LIBRARY = "libc++";
				CLANG_ENABLE_MODULES = YES;
				CLANG_ENABLE_OBJC_ARC = YES;
				CLANG_WARN_BOOL_CONVERSION = YES;
				CLANG_WARN_CONSTANT_CONVERSION = YES;
				CLANG_WARN_DIRECT_OBJC_ISA_USAGE = YES_ERROR;
				CLANG_WARN_EMPTY_BODY = YES;
				CLANG_WARN_ENUM_CONVERSION = YES;
				CLANG_WARN_INT_CONVERSION = YES;
				CLANG_WARN_OBJC_ROOT_CLASS = YES_ERROR;
				CLANG_WARN_UNREACHABLE_CODE = YES;
				CLANG_WARN__DUPLICATE_METHOD_MATCH = YES;
				"CODE_SIGN_IDENTITY[sdk=iphoneos*]" = "iPhone Developer";
				COPY_PHASE_STRIP = NO;
				DEBUG_INFORMATION_FORMAT = dwarf;
				ENABLE_STRICT_OBJC_MSGSEND = YES;
				ENABLE_TESTABILITY = YES;
				GCC_C_LANGUAGE_STANDARD = gnu99;
				GCC_DYNAMIC_NO_PIC = NO;
				GCC_NO_COMMON_BLOCKS = YES;
				GCC_OPTIMIZATION_LEVEL = 0;
				GCC_PREPROCESSOR_DEFINITIONS = (
					"DEBUG=1",
					"$(inherited)",
				);
				GCC_WARN_64_TO_32_BIT_CONVERSION = YES;
				GCC_WARN_ABOUT_RETURN_TYPE = YES_ERROR;
				GCC_WARN_UNDECLARED_SELECTOR = YES;
				GCC_WARN_UNINITIALIZED_AUTOS = YES_AGGRESSIVE;
				GCC_WARN_UNUSED_FUNCTION = YES;
				GCC_WARN_UNUSED_VARIABLE = YES;
				IPHONEOS_DEPLOYMENT_TARGET = 9.3;
				MTL_ENABLE_DEBUG_INFO = YES;
				ONLY_ACTIVE_ARCH = YES;
				SDKROOT = iphoneos;
				SWIFT_OPTIMIZATION_LEVEL = "-Onone";
				TARGETED_DEVICE_FAMILY = "1,2";
			};
			name = Debug;
		};
		0CAC985D1D8447DC008704B8 /* Release */ = {
			isa = XCBuildConfiguration;
			buildSettings = {
				ALWAYS_SEARCH_USER_PATHS = NO;
				CLANG_ANALYZER_NONNULL = YES;
				CLANG_CXX_LANGUAGE_STANDARD = "gnu++0x";
				CLANG_CXX_LIBRARY = "libc++";
				CLANG_ENABLE_MODULES = YES;
				CLANG_ENABLE_OBJC_ARC = YES;
				CLANG_WARN_BOOL_CONVERSION = YES;
				CLANG_WARN_CONSTANT_CONVERSION = YES;
				CLANG_WARN_DIRECT_OBJC_ISA_USAGE = YES_ERROR;
				CLANG_WARN_EMPTY_BODY = YES;
				CLANG_WARN_ENUM_CONVERSION = YES;
				CLANG_WARN_INT_CONVERSION = YES;
				CLANG_WARN_OBJC_ROOT_CLASS = YES_ERROR;
				CLANG_WARN_UNREACHABLE_CODE = YES;
				CLANG_WARN__DUPLICATE_METHOD_MATCH = YES;
				"CODE_SIGN_IDENTITY[sdk=iphoneos*]" = "iPhone Developer";
				COPY_PHASE_STRIP = NO;
				DEBUG_INFORMATION_FORMAT = "dwarf-with-dsym";
				ENABLE_NS_ASSERTIONS = NO;
				ENABLE_STRICT_OBJC_MSGSEND = YES;
				GCC_C_LANGUAGE_STANDARD = gnu99;
				GCC_NO_COMMON_BLOCKS = YES;
				GCC_WARN_64_TO_32_BIT_CONVERSION = YES;
				GCC_WARN_ABOUT_RETURN_TYPE = YES_ERROR;
				GCC_WARN_UNDECLARED_SELECTOR = YES;
				GCC_WARN_UNINITIALIZED_AUTOS = YES_AGGRESSIVE;
				GCC_WARN_UNUSED_FUNCTION = YES;
				GCC_WARN_UNUSED_VARIABLE = YES;
				IPHONEOS_DEPLOYMENT_TARGET = 9.3;
				MTL_ENABLE_DEBUG_INFO = NO;
				SDKROOT = iphoneos;
				TARGETED_DEVICE_FAMILY = "1,2";
				VALIDATE_PRODUCT = YES;
			};
			name = Release;
		};
		0CAC985F1D8447DC008704B8 /* Debug */ = {
			isa = XCBuildConfiguration;
			baseConfigurationReference = 17FBE57D519434FF1C7B355A /* Pods-NotABaseM_Swift2.debug.xcconfig */;
			buildSettings = {
				ASSETCATALOG_COMPILER_APPICON_NAME = AppIcon;
				CODE_SIGN_IDENTITY = "iPhone Developer";
				"CODE_SIGN_IDENTITY[sdk=iphoneos*]" = "iPhone Developer";
				INFOPLIST_FILE = NotABaseM_Swift2/Info.plist;
				LD_RUNPATH_SEARCH_PATHS = "$(inherited) @executable_path/Frameworks";
				PRODUCT_BUNDLE_IDENTIFIER = "don.NotABaseM-Swift2";
				PRODUCT_NAME = "$(TARGET_NAME)";
				PROVISIONING_PROFILE = "";
			};
			name = Debug;
		};
		0CAC98601D8447DC008704B8 /* Release */ = {
			isa = XCBuildConfiguration;
			baseConfigurationReference = 8CF9DF7F54C402086D9FA1EB /* Pods-NotABaseM_Swift2.release.xcconfig */;
			buildSettings = {
				ASSETCATALOG_COMPILER_APPICON_NAME = AppIcon;
				CODE_SIGN_IDENTITY = "iPhone Developer";
				"CODE_SIGN_IDENTITY[sdk=iphoneos*]" = "iPhone Developer";
				INFOPLIST_FILE = NotABaseM_Swift2/Info.plist;
				LD_RUNPATH_SEARCH_PATHS = "$(inherited) @executable_path/Frameworks";
				PRODUCT_BUNDLE_IDENTIFIER = "don.NotABaseM-Swift2";
				PRODUCT_NAME = "$(TARGET_NAME)";
				PROVISIONING_PROFILE = "";
			};
			name = Release;
		};
/* End XCBuildConfiguration section */

/* Begin XCConfigurationList section */
		0CAC98471D8447DC008704B8 /* Build configuration list for PBXProject "NotABaseM_Swift2" */ = {
			isa = XCConfigurationList;
			buildConfigurations = (
				0CAC985C1D8447DC008704B8 /* Debug */,
				0CAC985D1D8447DC008704B8 /* Release */,
			);
			defaultConfigurationIsVisible = 0;
			defaultConfigurationName = Release;
		};
		0CAC985E1D8447DC008704B8 /* Build configuration list for PBXNativeTarget "NotABaseM_Swift2" */ = {
			isa = XCConfigurationList;
			buildConfigurations = (
				0CAC985F1D8447DC008704B8 /* Debug */,
				0CAC98601D8447DC008704B8 /* Release */,
			);
			defaultConfigurationIsVisible = 0;
			defaultConfigurationName = Release;
		};
/* End XCConfigurationList section */
	};
	rootObject = 0CAC98441D8447DC008704B8 /* Project object */;
}
